
Microsoft Visual Studio Solution File, Format Version 12.00
# Visual Studio 15
VisualStudioVersion = 15.0.27703.1
MinimumVisualStudioVersion = 10.0.40219.1
Project("{FAE04EC0-301F-11D3-BF4B-00C04F79EFBC}") = "System Diagnosis", "System Diagnosis\System Diagnosis.csproj", "{1C888848-D3F1-4666-8350-A2B771C4890A}"
EndProject
Global
	GlobalSection(SolutionConfigurationPlatforms) = preSolution
		Debug|Any CPU = Debug|Any CPU
		Release|Any CPU = Release|Any CPU
	EndGlobalSection
	GlobalSection(ProjectConfigurationPlatforms) = postSolution
		{1C888848-D3F1-4666-8350-A2B771C4890A}.Debug|Any CPU.ActiveCfg = Debug|Any CPU
		{1C888848-D3F1-4666-8350-A2B771C4890A}.Debug|Any CPU.Build.0 = Debug|Any CPU
		{1C888848-D3F1-4666-8350-A2B771C4890A}.Release|Any CPU.ActiveCfg = Release|Any CPU
		{1C888848-D3F1-4666-8350-A2B771C4890A}.Release|Any CPU.Build.0 = Release|Any CPU
	EndGlobalSection
	GlobalSection(SolutionProperties) = preSolution
		HideSolutionNode = FALSE
	EndGlobalSection
	GlobalSection(ExtensibilityGlobals) = postSolution
		SolutionGuid = {85AF32F1-C177-4A0C-9E06-BDFE007861D2}
	EndGlobalSection
EndGlobal
